
Microsoft Visual Studio Solution File, Format Version 12.00
# Visual Studio Version 16
VisualStudioVersion = 16.0.29503.13
MinimumVisualStudioVersion = 10.0.40219.1
Project("{FAE04EC0-301F-11D3-BF4B-00C04F79EFBC}") = "ContosoConf", "ContosoConf\ContosoConf.csproj", "{BD953DCC-793C-42D9-8A8A-D3F86E28637D}"
EndProject
Global
	GlobalSection(SolutionConfigurationPlatforms) = preSolution
		Debug|Any CPU = Debug|Any CPU
		Release|Any CPU = Release|Any CPU
	EndGlobalSection
	GlobalSection(ProjectConfigurationPlatforms) = postSolution
		{BD953DCC-793C-42D9-8A8A-D3F86E28637D}.Debug|Any CPU.ActiveCfg = Debug|Any CPU
		{BD953DCC-793C-42D9-8A8A-D3F86E28637D}.Debug|Any CPU.Build.0 = Debug|Any CPU
		{BD953DCC-793C-42D9-8A8A-D3F86E28637D}.Release|Any CPU.ActiveCfg = Release|Any CPU
		{BD953DCC-793C-42D9-8A8A-D3F86E28637D}.Release|Any CPU.Build.0 = Release|Any CPU
	EndGlobalSection
	GlobalSection(SolutionProperties) = preSolution
		HideSolutionNode = FALSE
	EndGlobalSection
	GlobalSection(ExtensibilityGlobals) = postSolution
		SolutionGuid = {EDD2CD54-365B-4BC1-B9AE-AFB574DA07AD}
	EndGlobalSection
EndGlobal
